
Microsoft Visual Studio Solution File, Format Version 12.00
# Visual Studio Version 17
VisualStudioVersion = 17.14.35906.104
MinimumVisualStudioVersion = 10.0.40219.1
Project("{FAE04EC0-301F-11D3-BF4B-00C04F79EFBC}") = "QLKSAPP", "QLKSAPP.csproj", "{F041FE5E-780A-412A-BF5C-E31B513FFF75}"
EndProject
Project("{FAE04EC0-301F-11D3-BF4B-00C04F79EFBC}") = "QLKS_GUI", "..\QLKS_GUI\QLKS_GUI.csproj", "{1094E5A6-9070-473C-AC0E-BB27F11E36F7}"
EndProject
Global
	GlobalSection(SolutionConfigurationPlatforms) = preSolution
		Debug|Any CPU = Debug|Any CPU
		Release|Any CPU = Release|Any CPU
	EndGlobalSection
	GlobalSection(ProjectConfigurationPlatforms) = postSolution
		{F041FE5E-780A-412A-BF5C-E31B513FFF75}.Debug|Any CPU.ActiveCfg = Debug|Any CPU
		{F041FE5E-780A-412A-BF5C-E31B513FFF75}.Debug|Any CPU.Build.0 = Debug|Any CPU
		{F041FE5E-780A-412A-BF5C-E31B513FFF75}.Release|Any CPU.ActiveCfg = Release|Any CPU
		{F041FE5E-780A-412A-BF5C-E31B513FFF75}.Release|Any CPU.Build.0 = Release|Any CPU
		{1094E5A6-9070-473C-AC0E-BB27F11E36F7}.Debug|Any CPU.ActiveCfg = Debug|Any CPU
		{1094E5A6-9070-473C-AC0E-BB27F11E36F7}.Debug|Any CPU.Build.0 = Debug|Any CPU
		{1094E5A6-9070-473C-AC0E-BB27F11E36F7}.Release|Any CPU.ActiveCfg = Release|Any CPU
		{1094E5A6-9070-473C-AC0E-BB27F11E36F7}.Release|Any CPU.Build.0 = Release|Any CPU
	EndGlobalSection
	GlobalSection(SolutionProperties) = preSolution
		HideSolutionNode = FALSE
	EndGlobalSection
	GlobalSection(ExtensibilityGlobals) = postSolution
		SolutionGuid = {066BF0DD-1A3B-41BF-98E7-4399AF9DED77}
	EndGlobalSection
EndGlobal
